
Microsoft Visual Studio Solution File, Format Version 12.00
# Visual Studio Version 16
VisualStudioVersion = 16.0.30503.244
MinimumVisualStudioVersion = 10.0.40219.1
Project("{2150E333-8FDC-42A3-9474-1A3956D46DE8}") = "Common", "Common", "{221E9E0C-2017-4A5C-9A39-611C7E399B45}"
EndProject
Project("{2150E333-8FDC-42A3-9474-1A3956D46DE8}") = "UI", "UI", "{E7209CF0-7A29-4DFC-9341-8BC962DE0BB9}"
EndProject
Project("{2150E333-8FDC-42A3-9474-1A3956D46DE8}") = "Services", "Services", "{D4E1C169-EA78-488E-816F-B235BB49275D}"
EndProject
Project("{9A19103F-16F7-4668-BE54-9A1E7A4F7556}") = "Spotify.DAL", "Services\Spotify.DAL\Spotify.DAL.csproj", "{6CE5FF47-D865-445E-9D11-CB85A55C7A7B}"
EndProject
Project("{9A19103F-16F7-4668-BE54-9A1E7A4F7556}") = "Spotify.Clients", "Services\Spotify.Clients\Spotify.Clients.csproj", "{571370DC-9CD2-4BB6-B45E-D05BBAD23543}"
EndProject
Project("{9A19103F-16F7-4668-BE54-9A1E7A4F7556}") = "Spotify.Domain", "Common\Spotify.Domain\Spotify.Domain.csproj", "{21099DB0-6D8E-444E-818D-B71E57C48F49}"
EndProject
Project("{9A19103F-16F7-4668-BE54-9A1E7A4F7556}") = "Spotify.Services", "Services\Spotify.Services\Spotify.Services.csproj", "{CEF41704-6F87-48DA-993F-352F89C4D0F6}"
EndProject
Project("{9A19103F-16F7-4668-BE54-9A1E7A4F7556}") = "Spotify.Interfaces", "Services\Spotify.Interfaces\Spotify.Interfaces.csproj", "{AC4A588A-8822-4D4D-B044-E9AFCE3DF294}"
EndProject
Project("{FAE04EC0-301F-11D3-BF4B-00C04F79EFBC}") = "Spotify", "UI\Spotify\Spotify.csproj", "{6A921D98-9FBF-4F7F-B74D-72A8BDE68500}"
EndProject
Global
	GlobalSection(SolutionConfigurationPlatforms) = preSolution
		Debug|Any CPU = Debug|Any CPU
		Release|Any CPU = Release|Any CPU
	EndGlobalSection
	GlobalSection(ProjectConfigurationPlatforms) = postSolution
		{6CE5FF47-D865-445E-9D11-CB85A55C7A7B}.Debug|Any CPU.ActiveCfg = Debug|Any CPU
		{6CE5FF47-D865-445E-9D11-CB85A55C7A7B}.Debug|Any CPU.Build.0 = Debug|Any CPU
		{6CE5FF47-D865-445E-9D11-CB85A55C7A7B}.Release|Any CPU.ActiveCfg = Release|Any CPU
		{6CE5FF47-D865-445E-9D11-CB85A55C7A7B}.Release|Any CPU.Build.0 = Release|Any CPU
		{571370DC-9CD2-4BB6-B45E-D05BBAD23543}.Debug|Any CPU.ActiveCfg = Debug|Any CPU
		{571370DC-9CD2-4BB6-B45E-D05BBAD23543}.Debug|Any CPU.Build.0 = Debug|Any CPU
		{571370DC-9CD2-4BB6-B45E-D05BBAD23543}.Release|Any CPU.ActiveCfg = Release|Any CPU
		{571370DC-9CD2-4BB6-B45E-D05BBAD23543}.Release|Any CPU.Build.0 = Release|Any CPU
		{21099DB0-6D8E-444E-818D-B71E57C48F49}.Debug|Any CPU.ActiveCfg = Debug|Any CPU
		{21099DB0-6D8E-444E-818D-B71E57C48F49}.Debug|Any CPU.Build.0 = Debug|Any CPU
		{21099DB0-6D8E-444E-818D-B71E57C48F49}.Release|Any CPU.ActiveCfg = Release|Any CPU
		{21099DB0-6D8E-444E-818D-B71E57C48F49}.Release|Any CPU.Build.0 = Release|Any CPU
		{CEF41704-6F87-48DA-993F-352F89C4D0F6}.Debug|Any CPU.ActiveCfg = Debug|Any CPU
		{CEF41704-6F87-48DA-993F-352F89C4D0F6}.Debug|Any CPU.Build.0 = Debug|Any CPU
		{CEF41704-6F87-48DA-993F-352F89C4D0F6}.Release|Any CPU.ActiveCfg = Release|Any CPU
		{CEF41704-6F87-48DA-993F-352F89C4D0F6}.Release|Any CPU.Build.0 = Release|Any CPU
		{AC4A588A-8822-4D4D-B044-E9AFCE3DF294}.Debug|Any CPU.ActiveCfg = Debug|Any CPU
		{AC4A588A-8822-4D4D-B044-E9AFCE3DF294}.Debug|Any CPU.Build.0 = Debug|Any CPU
		{AC4A588A-8822-4D4D-B044-E9AFCE3DF294}.Release|Any CPU.ActiveCfg = Release|Any CPU
		{AC4A588A-8822-4D4D-B044-E9AFCE3DF294}.Release|Any CPU.Build.0 = Release|Any CPU
		{6A921D98-9FBF-4F7F-B74D-72A8BDE68500}.Debug|Any CPU.ActiveCfg = Debug|Any CPU
		{6A921D98-9FBF-4F7F-B74D-72A8BDE68500}.Debug|Any CPU.Build.0 = Debug|Any CPU
		{6A921D98-9FBF-4F7F-B74D-72A8BDE68500}.Release|Any CPU.ActiveCfg = Release|Any CPU
		{6A921D98-9FBF-4F7F-B74D-72A8BDE68500}.Release|Any CPU.Build.0 = Release|Any CPU
	EndGlobalSection
	GlobalSection(SolutionProperties) = preSolution
		HideSolutionNode = FALSE
	EndGlobalSection
	GlobalSection(NestedProjects) = preSolution
		{6CE5FF47-D865-445E-9D11-CB85A55C7A7B} = {D4E1C169-EA78-488E-816F-B235BB49275D}
		{571370DC-9CD2-4BB6-B45E-D05BBAD23543} = {D4E1C169-EA78-488E-816F-B235BB49275D}
		{21099DB0-6D8E-444E-818D-B71E57C48F49} = {221E9E0C-2017-4A5C-9A39-611C7E399B45}
		{CEF41704-6F87-48DA-993F-352F89C4D0F6} = {D4E1C169-EA78-488E-816F-B235BB49275D}
		{AC4A588A-8822-4D4D-B044-E9AFCE3DF294} = {D4E1C169-EA78-488E-816F-B235BB49275D}
		{6A921D98-9FBF-4F7F-B74D-72A8BDE68500} = {E7209CF0-7A29-4DFC-9341-8BC962DE0BB9}
	EndGlobalSection
	GlobalSection(ExtensibilityGlobals) = postSolution
		SolutionGuid = {802158BB-DFDF-416A-83C2-599C6689C8D3}
	EndGlobalSection
EndGlobal
